{
  "lib/cofhe-contracts": {
    "tag": {
      "name": "v0.0.13",
      "rev": "d41a6279600cf8c34878d0195488cfcfcee41bdc"
    }
  },
  "lib/cofhe-mock-contracts": {
    "tag": {
      "name": "v0.3.1",
      "rev": "14e5446de3f130bac92b6cd181a24be4559957a0"
    }
  },
  "lib/openzeppelin-contracts": {
    "tag": {
      "name": "v5.5.0",
      "rev": "fcbae5394ae8ad52d8e580a3477db99814b9d565"
    }
  },
  "lib/openzeppelin-contracts-upgradeable": {
    "tag": {
      "name": "v5.5.0",
      "rev": "aa677e9d28ed78fc427ec47ba2baef2030c58e7c"
    }
  }
}